
Microsoft Visual Studio Solution File, Format Version 12.00
# Visual Studio Version 17
VisualStudioVersion = 17.3.32825.248
MinimumVisualStudioVersion = 10.0.40219.1
Project("{FAE04EC0-301F-11D3-BF4B-00C04F79EFBC}") = "Week2", "Week2\Week2.csproj", "{A3F0C275-A80A-48AC-94F5-A2A550050F8A}"
EndProject
Project("{FAE04EC0-301F-11D3-BF4B-00C04F79EFBC}") = "UserGenderValidation", "User-age-validation\UserGenderValidation.csproj", "{6B4F73F0-2D33-4446-8481-3CC9409C1A6E}"
EndProject
Project("{FAE04EC0-301F-11D3-BF4B-00C04F79EFBC}") = "UserAgeValidation", "UserAgeValidation\UserAgeValidation.csproj", "{BD05D433-65CF-41EC-B0EC-3F9DED048F45}"
EndProject
Global
	GlobalSection(SolutionConfigurationPlatforms) = preSolution
		Debug|Any CPU = Debug|Any CPU
		Release|Any CPU = Release|Any CPU
	EndGlobalSection
	GlobalSection(ProjectConfigurationPlatforms) = postSolution
		{A3F0C275-A80A-48AC-94F5-A2A550050F8A}.Debug|Any CPU.ActiveCfg = Debug|Any CPU
		{A3F0C275-A80A-48AC-94F5-A2A550050F8A}.Debug|Any CPU.Build.0 = Debug|Any CPU
		{A3F0C275-A80A-48AC-94F5-A2A550050F8A}.Release|Any CPU.ActiveCfg = Release|Any CPU
		{A3F0C275-A80A-48AC-94F5-A2A550050F8A}.Release|Any CPU.Build.0 = Release|Any CPU
		{6B4F73F0-2D33-4446-8481-3CC9409C1A6E}.Debug|Any CPU.ActiveCfg = Debug|Any CPU
		{6B4F73F0-2D33-4446-8481-3CC9409C1A6E}.Debug|Any CPU.Build.0 = Debug|Any CPU
		{6B4F73F0-2D33-4446-8481-3CC9409C1A6E}.Release|Any CPU.ActiveCfg = Release|Any CPU
		{6B4F73F0-2D33-4446-8481-3CC9409C1A6E}.Release|Any CPU.Build.0 = Release|Any CPU
		{BD05D433-65CF-41EC-B0EC-3F9DED048F45}.Debug|Any CPU.ActiveCfg = Debug|Any CPU
		{BD05D433-65CF-41EC-B0EC-3F9DED048F45}.Debug|Any CPU.Build.0 = Debug|Any CPU
		{BD05D433-65CF-41EC-B0EC-3F9DED048F45}.Release|Any CPU.ActiveCfg = Release|Any CPU
		{BD05D433-65CF-41EC-B0EC-3F9DED048F45}.Release|Any CPU.Build.0 = Release|Any CPU
	EndGlobalSection
	GlobalSection(SolutionProperties) = preSolution
		HideSolutionNode = FALSE
	EndGlobalSection
	GlobalSection(ExtensibilityGlobals) = postSolution
		SolutionGuid = {9EE403B7-C2DA-482D-A0A8-F4D7A0C1D994}
	EndGlobalSection
EndGlobal
